// !$*UTF8*$!
{
	archiveVersion = 1;
	classes = {
	};
	objectVersion = 55;
	objects = {

/* Begin PBXBuildFile section */
		82077C2827A44B2800DBA57F /* AppDelegate.swift in Sources */ = {isa = PBXBuildFile; fileRef = 82077C2727A44B2800DBA57F /* AppDelegate.swift */; };
		82077C2A27A44B2800DBA57F /* SceneDelegate.swift in Sources */ = {isa = PBXBuildFile; fileRef = 82077C2927A44B2800DBA57F /* SceneDelegate.swift */; };
		82077C2F27A44B2800DBA57F /* Main.storyboard in Resources */ = {isa = PBXBuildFile; fileRef = 82077C2D27A44B2800DBA57F /* Main.storyboard */; };
		82077C3127A44B2A00DBA57F /* Assets.xcassets in Resources */ = {isa = PBXBuildFile; fileRef = 82077C3027A44B2A00DBA57F /* Assets.xcassets */; };
		82077C3427A44B2A00DBA57F /* LaunchScreen.storyboard in Resources */ = {isa = PBXBuildFile; fileRef = 82077C3227A44B2A00DBA57F /* LaunchScreen.storyboard */; };
		82077C3F27A44B2A00DBA57F /* LunchAndLearnTests.swift in Sources */ = {isa = PBXBuildFile; fileRef = 82077C3E27A44B2A00DBA57F /* LunchAndLearnTests.swift */; };
		82077C4927A44B2A00DBA57F /* LunchAndLearnUITests.swift in Sources */ = {isa = PBXBuildFile; fileRef = 82077C4827A44B2A00DBA57F /* LunchAndLearnUITests.swift */; };
		82077C4B27A44B2A00DBA57F /* LunchAndLearnUITestsLaunchTests.swift in Sources */ = {isa = PBXBuildFile; fileRef = 82077C4A27A44B2A00DBA57F /* LunchAndLearnUITestsLaunchTests.swift */; };
		82077C5B27A44CA800DBA57F /* CounterViewController.swift in Sources */ = {isa = PBXBuildFile; fileRef = 82077C5A27A44CA800DBA57F /* CounterViewController.swift */; };
		82077C5E27A44D3000DBA57F /* SwiftUIPreviewHelpers in Frameworks */ = {isa = PBXBuildFile; productRef = 82077C5D27A44D3000DBA57F /* SwiftUIPreviewHelpers */; };
		82077C6027A44F1C00DBA57F /* CounterView.swift in Sources */ = {isa = PBXBuildFile; fileRef = 82077C5F27A44F1C00DBA57F /* CounterView.swift */; };
/* End PBXBuildFile section */

/* Begin PBXContainerItemProxy section */
		82077C3B27A44B2A00DBA57F /* PBXContainerItemProxy */ = {
			isa = PBXContainerItemProxy;
			containerPortal = 82077C1C27A44B2800DBA57F /* Project object */;
			proxyType = 1;
			remoteGlobalIDString = 82077C2327A44B2800DBA57F;
			remoteInfo = LunchAndLearn;
		};
		82077C4527A44B2A00DBA57F /* PBXContainerItemProxy */ = {
			isa = PBXContainerItemProxy;
			containerPortal = 82077C1C27A44B2800DBA57F /* Project object */;
			proxyType = 1;
			remoteGlobalIDString = 82077C2327A44B2800DBA57F;
			remoteInfo = LunchAndLearn;
		};
/* End PBXContainerItemProxy section */

/* Begin PBXFileReference section */
		82077C2427A44B2800DBA57F /* LunchAndLearn.app */ = {isa = PBXFileReference; explicitFileType = wrapper.application; includeInIndex = 0; path = LunchAndLearn.app; sourceTree = BUILT_PRODUCTS_DIR; };
		82077C2727A44B2800DBA57F /* AppDelegate.swift */ = {isa = PBXFileReference; lastKnownFileType = sourcecode.swift; path = AppDelegate.swift; sourceTree = "<group>"; };
		82077C2927A44B2800DBA57F /* SceneDelegate.swift */ = {isa = PBXFileReference; lastKnownFileType = sourcecode.swift; path = SceneDelegate.swift; sourceTree = "<group>"; };
		82077C2E27A44B2800DBA57F /* Base */ = {isa = PBXFileReference; lastKnownFileType = file.storyboard; name = Base; path = Base.lproj/Main.storyboard; sourceTree = "<group>"; };
		82077C3027A44B2A00DBA57F /* Assets.xcassets */ = {isa = PBXFileReference; lastKnownFileType = folder.assetcatalog; path = Assets.xcassets; sourceTree = "<group>"; };
		82077C3327A44B2A00DBA57F /* Base */ = {isa = PBXFileReference; lastKnownFileType = file.storyboard; name = Base; path = Base.lproj/LaunchScreen.storyboard; sourceTree = "<group>"; };
		82077C3527A44B2A00DBA57F /* Info.plist */ = {isa = PBXFileReference; lastKnownFileType = text.plist.xml; path = Info.plist; sourceTree = "<group>"; };
		82077C3A27A44B2A00DBA57F /* LunchAndLearnTests.xctest */ = {isa = PBXFileReference; explicitFileType = wrapper.cfbundle; includeInIndex = 0; path = LunchAndLearnTests.xctest; sourceTree = BUILT_PRODUCTS_DIR; };
		82077C3E27A44B2A00DBA57F /* LunchAndLearnTests.swift */ = {isa = PBXFileReference; lastKnownFileType = sourcecode.swift; path = LunchAndLearnTests.swift; sourceTree = "<group>"; };
		82077C4427A44B2A00DBA57F /* LunchAndLearnUITests.xctest */ = {isa = PBXFileReference; explicitFileType = wrapper.cfbundle; includeInIndex = 0; path = LunchAndLearnUITests.xctest; sourceTree = BUILT_PRODUCTS_DIR; };
		82077C4827A44B2A00DBA57F /* LunchAndLearnUITests.swift */ = {isa = PBXFileReference; lastKnownFileType = sourcecode.swift; path = LunchAndLearnUITests.swift; sourceTree = "<group>"; };
		82077C4A27A44B2A00DBA57F /* LunchAndLearnUITestsLaunchTests.swift */ = {isa = PBXFileReference; lastKnownFileType = sourcecode.swift; path = LunchAndLearnUITestsLaunchTests.swift; sourceTree = "<group>"; };
		82077C5A27A44CA800DBA57F /* CounterViewController.swift */ = {isa = PBXFileReference; lastKnownFileType = sourcecode.swift; path = CounterViewController.swift; sourceTree = "<group>"; };
		82077C5F27A44F1C00DBA57F /* CounterView.swift */ = {isa = PBXFileReference; lastKnownFileType = sourcecode.swift; path = CounterView.swift; sourceTree = "<group>"; };
/* End PBXFileReference section */

/* Begin PBXFrameworksBuildPhase section */
		82077C2127A44B2800DBA57F /* Frameworks */ = {
			isa = PBXFrameworksBuildPhase;
			buildActionMask = 2147483647;
			files = (
				82077C5E27A44D3000DBA57F /* SwiftUIPreviewHelpers in Frameworks */,
			);
			runOnlyForDeploymentPostprocessing = 0;
		};
		82077C3727A44B2A00DBA57F /* Frameworks */ = {
			isa = PBXFrameworksBuildPhase;
			buildActionMask = 2147483647;
			files = (
			);
			runOnlyForDeploymentPostprocessing = 0;
		};
		82077C4127A44B2A00DBA57F /* Frameworks */ = {
			isa = PBXFrameworksBuildPhase;
			buildActionMask = 2147483647;
			files = (
			);
			runOnlyForDeploymentPostprocessing = 0;
		};
/* End PBXFrameworksBuildPhase section */

/* Begin PBXGroup section */
		82077C1B27A44B2800DBA57F = {
			isa = PBXGroup;
			children = (
				82077C2627A44B2800DBA57F /* LunchAndLearn */,
				82077C3D27A44B2A00DBA57F /* LunchAndLearnTests */,
				82077C4727A44B2A00DBA57F /* LunchAndLearnUITests */,
				82077C2527A44B2800DBA57F /* Products */,
			);
			sourceTree = "<group>";
		};
		82077C2527A44B2800DBA57F /* Products */ = {
			isa = PBXGroup;
			children = (
				82077C2427A44B2800DBA57F /* LunchAndLearn.app */,
				82077C3A27A44B2A00DBA57F /* LunchAndLearnTests.xctest */,
				82077C4427A44B2A00DBA57F /* LunchAndLearnUITests.xctest */,
			);
			name = Products;
			sourceTree = "<group>";
		};
		82077C2627A44B2800DBA57F /* LunchAndLearn */ = {
			isa = PBXGroup;
			children = (
				82077C5827A44C8200DBA57F /* SwiftUI */,
				82077C5727A44C7A00DBA57F /* Storyboard */,
				82077C2727A44B2800DBA57F /* AppDelegate.swift */,
				82077C2927A44B2800DBA57F /* SceneDelegate.swift */,
				82077C2D27A44B2800DBA57F /* Main.storyboard */,
				82077C3027A44B2A00DBA57F /* Assets.xcassets */,
				82077C3227A44B2A00DBA57F /* LaunchScreen.storyboard */,
				82077C3527A44B2A00DBA57F /* Info.plist */,
			);
			path = LunchAndLearn;
			sourceTree = "<group>";
		};
		82077C3D27A44B2A00DBA57F /* LunchAndLearnTests */ = {
			isa = PBXGroup;
			children = (
				82077C3E27A44B2A00DBA57F /* LunchAndLearnTests.swift */,
			);
			path = LunchAndLearnTests;
			sourceTree = "<group>";
		};
		82077C4727A44B2A00DBA57F /* LunchAndLearnUITests */ = {
			isa = PBXGroup;
			children = (
				82077C4827A44B2A00DBA57F /* LunchAndLearnUITests.swift */,
				82077C4A27A44B2A00DBA57F /* LunchAndLearnUITestsLaunchTests.swift */,
			);
			path = LunchAndLearnUITests;
			sourceTree = "<group>";
		};
		82077C5727A44C7A00DBA57F /* Storyboard */ = {
			isa = PBXGroup;
			children = (
				82077C5927A44C8A00DBA57F /* CounterDemo */,
			);
			path = Storyboard;
			sourceTree = "<group>";
		};
		82077C5827A44C8200DBA57F /* SwiftUI */ = {
			isa = PBXGroup;
			children = (
				82077C6127A450A600DBA57F /* CounterDemo */,
			);
			path = SwiftUI;
			sourceTree = "<group>";
		};
		82077C5927A44C8A00DBA57F /* CounterDemo */ = {
			isa = PBXGroup;
			children = (
				82077C5A27A44CA800DBA57F /* CounterViewController.swift */,
			);
			path = CounterDemo;
			sourceTree = "<group>";
		};
		82077C6127A450A600DBA57F /* CounterDemo */ = {
			isa = PBXGroup;
			children = (
				82077C5F27A44F1C00DBA57F /* CounterView.swift */,
			);
			path = CounterDemo;
			sourceTree = "<group>";
		};
/* End PBXGroup section */

/* Begin PBXNativeTarget section */
		82077C2327A44B2800DBA57F /* LunchAndLearn */ = {
			isa = PBXNativeTarget;
			buildConfigurationList = 82077C4E27A44B2A00DBA57F /* Build configuration list for PBXNativeTarget "LunchAndLearn" */;
			buildPhases = (
				82077C2027A44B2800DBA57F /* Sources */,
				82077C2127A44B2800DBA57F /* Frameworks */,
				82077C2227A44B2800DBA57F /* Resources */,
			);
			buildRules = (
			);
			dependencies = (
			);
			name = LunchAndLearn;
			packageProductDependencies = (
				82077C5D27A44D3000DBA57F /* SwiftUIPreviewHelpers */,
			);
			productName = LunchAndLearn;
			productReference = 82077C2427A44B2800DBA57F /* LunchAndLearn.app */;
			productType = "com.apple.product-type.application";
		};
		82077C3927A44B2A00DBA57F /* LunchAndLearnTests */ = {
			isa = PBXNativeTarget;
			buildConfigurationList = 82077C5127A44B2A00DBA57F /* Build configuration list for PBXNativeTarget "LunchAndLearnTests" */;
			buildPhases = (
				82077C3627A44B2A00DBA57F /* Sources */,
				82077C3727A44B2A00DBA57F /* Frameworks */,
				82077C3827A44B2A00DBA57F /* Resources */,
			);
			buildRules = (
			);
			dependencies = (
				82077C3C27A44B2A00DBA57F /* PBXTargetDependency */,
			);
			name = LunchAndLearnTests;
			productName = LunchAndLearnTests;
			productReference = 82077C3A27A44B2A00DBA57F /* LunchAndLearnTests.xctest */;
			productType = "com.apple.product-type.bundle.unit-test";
		};
		82077C4327A44B2A00DBA57F /* LunchAndLearnUITests */ = {
			isa = PBXNativeTarget;
			buildConfigurationList = 82077C5427A44B2A00DBA57F /* Build configuration list for PBXNativeTarget "LunchAndLearnUITests" */;
			buildPhases = (
				82077C4027A44B2A00DBA57F /* Sources */,
				82077C4127A44B2A00DBA57F /* Frameworks */,
				82077C4227A44B2A00DBA57F /* Resources */,
			);
			buildRules = (
			);
			dependencies = (
				82077C4627A44B2A00DBA57F /* PBXTargetDependency */,
			);
			name = LunchAndLearnUITests;
			productName = LunchAndLearnUITests;
			productReference = 82077C4427A44B2A00DBA57F /* LunchAndLearnUITests.xctest */;
			productType = "com.apple.product-type.bundle.ui-testing";
		};
/* End PBXNativeTarget section */

/* Begin PBXProject section */
		82077C1C27A44B2800DBA57F /* Project object */ = {
			isa = PBXProject;
			attributes = {
				BuildIndependentTargetsInParallel = 1;
				LastSwiftUpdateCheck = 1300;
				LastUpgradeCheck = 1300;
				TargetAttributes = {
					82077C2327A44B2800DBA57F = {
						CreatedOnToolsVersion = 13.0;
					};
					82077C3927A44B2A00DBA57F = {
						CreatedOnToolsVersion = 13.0;
						TestTargetID = 82077C2327A44B2800DBA57F;
					};
					82077C4327A44B2A00DBA57F = {
						CreatedOnToolsVersion = 13.0;
						TestTargetID = 82077C2327A44B2800DBA57F;
					};
				};
			};
			buildConfigurationList = 82077C1F27A44B2800DBA57F /* Build configuration list for PBXProject "LunchAndLearn" */;
			compatibilityVersion = "Xcode 13.0";
			developmentRegion = en;
			hasScannedForEncodings = 0;
			knownRegions = (
				en,
				Base,
			);
			mainGroup = 82077C1B27A44B2800DBA57F;
			packageReferences = (
				82077C5C27A44D3000DBA57F /* XCRemoteSwiftPackageReference "SwiftUIPreviewHelpers" */,
			);
			productRefGroup = 82077C2527A44B2800DBA57F /* Products */;
			projectDirPath = "";
			projectRoot = "";
			targets = (
				82077C2327A44B2800DBA57F /* LunchAndLearn */,
				82077C3927A44B2A00DBA57F /* LunchAndLearnTests */,
				82077C4327A44B2A00DBA57F /* LunchAndLearnUITests */,
			);
		};
/* End PBXProject section */

/* Begin PBXResourcesBuildPhase section */
		82077C2227A44B2800DBA57F /* Resources */ = {
			isa = PBXResourcesBuildPhase;
			buildActionMask = 2147483647;
			files = (
				82077C3427A44B2A00DBA57F /* LaunchScreen.storyboard in Resources */,
				82077C3127A44B2A00DBA57F /* Assets.xcassets in Resources */,
				82077C2F27A44B2800DBA57F /* Main.storyboard in Resources */,
			);
			runOnlyForDeploymentPostprocessing = 0;
		};
		82077C3827A44B2A00DBA57F /* Resources */ = {
			isa = PBXResourcesBuildPhase;
			buildActionMask = 2147483647;
			files = (
			);
			runOnlyForDeploymentPostprocessing = 0;
		};
		82077C4227A44B2A00DBA57F /* Resources */ = {
			isa = PBXResourcesBuildPhase;
			buildActionMask = 2147483647;
			files = (
			);
			runOnlyForDeploymentPostprocessing = 0;
		};
/* End PBXResourcesBuildPhase section */

/* Begin PBXSourcesBuildPhase section */
		82077C2027A44B2800DBA57F /* Sources */ = {
			isa = PBXSourcesBuildPhase;
			buildActionMask = 2147483647;
			files = (
				82077C5B27A44CA800DBA57F /* CounterViewController.swift in Sources */,
				82077C2827A44B2800DBA57F /* AppDelegate.swift in Sources */,
				82077C2A27A44B2800DBA57F /* SceneDelegate.swift in Sources */,
				82077C6027A44F1C00DBA57F /* CounterView.swift in Sources */,
			);
			runOnlyForDeploymentPostprocessing = 0;
		};
		82077C3627A44B2A00DBA57F /* Sources */ = {
			isa = PBXSourcesBuildPhase;
			buildActionMask = 2147483647;
			files = (
				82077C3F27A44B2A00DBA57F /* LunchAndLearnTests.swift in Sources */,
			);
			runOnlyForDeploymentPostprocessing = 0;
		};
		82077C4027A44B2A00DBA57F /* Sources */ = {
			isa = PBXSourcesBuildPhase;
			buildActionMask = 2147483647;
			files = (
				82077C4B27A44B2A00DBA57F /* LunchAndLearnUITestsLaunchTests.swift in Sources */,
				82077C4927A44B2A00DBA57F /* LunchAndLearnUITests.swift in Sources */,
			);
			runOnlyForDeploymentPostprocessing = 0;
		};
/* End PBXSourcesBuildPhase section */

/* Begin PBXTargetDependency section */
		82077C3C27A44B2A00DBA57F /* PBXTargetDependency */ = {
			isa = PBXTargetDependency;
			target = 82077C2327A44B2800DBA57F /* LunchAndLearn */;
			targetProxy = 82077C3B27A44B2A00DBA57F /* PBXContainerItemProxy */;
		};
		82077C4627A44B2A00DBA57F /* PBXTargetDependency */ = {
			isa = PBXTargetDependency;
			target = 82077C2327A44B2800DBA57F /* LunchAndLearn */;
			targetProxy = 82077C4527A44B2A00DBA57F /* PBXContainerItemProxy */;
		};
/* End PBXTargetDependency section */

/* Begin PBXVariantGroup section */
		82077C2D27A44B2800DBA57F /* Main.storyboard */ = {
			isa = PBXVariantGroup;
			children = (
				82077C2E27A44B2800DBA57F /* Base */,
			);
			name = Main.storyboard;
			sourceTree = "<group>";
		};
		82077C3227A44B2A00DBA57F /* LaunchScreen.storyboard */ = {
			isa = PBXVariantGroup;
			children = (
				82077C3327A44B2A00DBA57F /* Base */,
			);
			name = LaunchScreen.storyboard;
			sourceTree = "<group>";
		};
/* End PBXVariantGroup section */

/* Begin XCBuildConfiguration section */
		82077C4C27A44B2A00DBA57F /* Debug */ = {
			isa = XCBuildConfiguration;
			buildSettings = {
				ALWAYS_SEARCH_USER_PATHS = NO;
				CLANG_ANALYZER_NONNULL = YES;
				CLANG_ANALYZER_NUMBER_OBJECT_CONVERSION = YES_AGGRESSIVE;
				CLANG_CXX_LANGUAGE_STANDARD = "gnu++17";
				CLANG_CXX_LIBRARY = "libc++";
				CLANG_ENABLE_MODULES = YES;
				CLANG_ENABLE_OBJC_ARC = YES;
				CLANG_ENABLE_OBJC_WEAK = YES;
				CLANG_WARN_BLOCK_CAPTURE_AUTORELEASING = YES;
				CLANG_WARN_BOOL_CONVERSION = YES;
				CLANG_WARN_COMMA = YES;
				CLANG_WARN_CONSTANT_CONVERSION = YES;
				CLANG_WARN_DEPRECATED_OBJC_IMPLEMENTATIONS = YES;
				CLANG_WARN_DIRECT_OBJC_ISA_USAGE = YES_ERROR;
				CLANG_WARN_DOCUMENTATION_COMMENTS = YES;
				CLANG_WARN_EMPTY_BODY = YES;
				CLANG_WARN_ENUM_CONVERSION = YES;
				CLANG_WARN_INFINITE_RECURSION = YES;
				CLANG_WARN_INT_CONVERSION = YES;
				CLANG_WARN_NON_LITERAL_NULL_CONVERSION = YES;
				CLANG_WARN_OBJC_IMPLICIT_RETAIN_SELF = YES;
				CLANG_WARN_OBJC_LITERAL_CONVERSION = YES;
				CLANG_WARN_OBJC_ROOT_CLASS = YES_ERROR;
				CLANG_WARN_QUOTED_INCLUDE_IN_FRAMEWORK_HEADER = YES;
				CLANG_WARN_RANGE_LOOP_ANALYSIS = YES;
				CLANG_WARN_STRICT_PROTOTYPES = YES;
				CLANG_WARN_SUSPICIOUS_MOVE = YES;
				CLANG_WARN_UNGUARDED_AVAILABILITY = YES_AGGRESSIVE;
				CLANG_WARN_UNREACHABLE_CODE = YES;
				CLANG_WARN__DUPLICATE_METHOD_MATCH = YES;
				COPY_PHASE_STRIP = NO;
				DEBUG_INFORMATION_FORMAT = dwarf;
				ENABLE_STRICT_OBJC_MSGSEND = YES;
				ENABLE_TESTABILITY = YES;
				GCC_C_LANGUAGE_STANDARD = gnu11;
				GCC_DYNAMIC_NO_PIC = NO;
				GCC_NO_COMMON_BLOCKS = YES;
				GCC_OPTIMIZATION_LEVEL = 0;
				GCC_PREPROCESSOR_DEFINITIONS = (
					"DEBUG=1",
					"$(inherited)",
				);
				GCC_WARN_64_TO_32_BIT_CONVERSION = YES;
				GCC_WARN_ABOUT_RETURN_TYPE = YES_ERROR;
				GCC_WARN_UNDECLARED_SELECTOR = YES;
				GCC_WARN_UNINITIALIZED_AUTOS = YES_AGGRESSIVE;
				GCC_WARN_UNUSED_FUNCTION = YES;
				GCC_WARN_UNUSED_VARIABLE = YES;
				IPHONEOS_DEPLOYMENT_TARGET = 15.0;
				MTL_ENABLE_DEBUG_INFO = INCLUDE_SOURCE;
				MTL_FAST_MATH = YES;
				ONLY_ACTIVE_ARCH = YES;
				SDKROOT = iphoneos;
				SWIFT_ACTIVE_COMPILATION_CONDITIONS = DEBUG;
				SWIFT_OPTIMIZATION_LEVEL = "-Onone";
			};
			name = Debug;
		};
		82077C4D27A44B2A00DBA57F /* Release */ = {
			isa = XCBuildConfiguration;
			buildSettings = {
				ALWAYS_SEARCH_USER_PATHS = NO;
				CLANG_ANALYZER_NONNULL = YES;
				CLANG_ANALYZER_NUMBER_OBJECT_CONVERSION = YES_AGGRESSIVE;
				CLANG_CXX_LANGUAGE_STANDARD = "gnu++17";
				CLANG_CXX_LIBRARY = "libc++";
				CLANG_ENABLE_MODULES = YES;
				CLANG_ENABLE_OBJC_ARC = YES;
				CLANG_ENABLE_OBJC_WEAK = YES;
				CLANG_WARN_BLOCK_CAPTURE_AUTORELEASING = YES;
				CLANG_WARN_BOOL_CONVERSION = YES;
				CLANG_WARN_COMMA = YES;
				CLANG_WARN_CONSTANT_CONVERSION = YES;
				CLANG_WARN_DEPRECATED_OBJC_IMPLEMENTATIONS = YES;
				CLANG_WARN_DIRECT_OBJC_ISA_USAGE = YES_ERROR;
				CLANG_WARN_DOCUMENTATION_COMMENTS = YES;
				CLANG_WARN_EMPTY_BODY = YES;
				CLANG_WARN_ENUM_CONVERSION = YES;
				CLANG_WARN_INFINITE_RECURSION = YES;
				CLANG_WARN_INT_CONVERSION = YES;
				CLANG_WARN_NON_LITERAL_NULL_CONVERSION = YES;
				CLANG_WARN_OBJC_IMPLICIT_RETAIN_SELF = YES;
				CLANG_WARN_OBJC_LITERAL_CONVERSION = YES;
				CLANG_WARN_OBJC_ROOT_CLASS = YES_ERROR;
				CLANG_WARN_QUOTED_INCLUDE_IN_FRAMEWORK_HEADER = YES;
				CLANG_WARN_RANGE_LOOP_ANALYSIS = YES;
				CLANG_WARN_STRICT_PROTOTYPES = YES;
				CLANG_WARN_SUSPICIOUS_MOVE = YES;
				CLANG_WARN_UNGUARDED_AVAILABILITY = YES_AGGRESSIVE;
				CLANG_WARN_UNREACHABLE_CODE = YES;
				CLANG_WARN__DUPLICATE_METHOD_MATCH = YES;
				COPY_PHASE_STRIP = NO;
				DEBUG_INFORMATION_FORMAT = "dwarf-with-dsym";
				ENABLE_NS_ASSERTIONS = NO;
				ENABLE_STRICT_OBJC_MSGSEND = YES;
				GCC_C_LANGUAGE_STANDARD = gnu11;
				GCC_NO_COMMON_BLOCKS = YES;
				GCC_WARN_64_TO_32_BIT_CONVERSION = YES;
				GCC_WARN_ABOUT_RETURN_TYPE = YES_ERROR;
				GCC_WARN_UNDECLARED_SELECTOR = YES;
				GCC_WARN_UNINITIALIZED_AUTOS = YES_AGGRESSIVE;
				GCC_WARN_UNUSED_FUNCTION = YES;
				GCC_WARN_UNUSED_VARIABLE = YES;
				IPHONEOS_DEPLOYMENT_TARGET = 15.0;
				MTL_ENABLE_DEBUG_INFO = NO;
				MTL_FAST_MATH = YES;
				SDKROOT = iphoneos;
				SWIFT_COMPILATION_MODE = wholemodule;
				SWIFT_OPTIMIZATION_LEVEL = "-O";
				VALIDATE_PRODUCT = YES;
			};
			name = Release;
		};
		82077C4F27A44B2A00DBA57F /* Debug */ = {
			isa = XCBuildConfiguration;
			buildSettings = {
				ASSETCATALOG_COMPILER_APPICON_NAME = AppIcon;
				ASSETCATALOG_COMPILER_GLOBAL_ACCENT_COLOR_NAME = AccentColor;
				CODE_SIGN_STYLE = Automatic;
				CURRENT_PROJECT_VERSION = 1;
				GENERATE_INFOPLIST_FILE = YES;
				INFOPLIST_FILE = LunchAndLearn/Info.plist;
				INFOPLIST_KEY_UIApplicationSupportsIndirectInputEvents = YES;
				INFOPLIST_KEY_UILaunchStoryboardName = LaunchScreen;
				INFOPLIST_KEY_UIMainStoryboardFile = Main;
				INFOPLIST_KEY_UISupportedInterfaceOrientations_iPad = "UIInterfaceOrientationPortrait UIInterfaceOrientationPortraitUpsideDown UIInterfaceOrientationLandscapeLeft UIInterfaceOrientationLandscapeRight";
				INFOPLIST_KEY_UISupportedInterfaceOrientations_iPhone = "UIInterfaceOrientationPortrait UIInterfaceOrientationLandscapeLeft UIInterfaceOrientationLandscapeRight";
				LD_RUNPATH_SEARCH_PATHS = (
					"$(inherited)",
					"@executable_path/Frameworks",
				);
				MARKETING_VERSION = 1.0;
				PRODUCT_BUNDLE_IDENTIFIER = com.underdogsports.xpoint.LunchAndLearn;
				PRODUCT_NAME = "$(TARGET_NAME)";
				SWIFT_EMIT_LOC_STRINGS = YES;
				SWIFT_VERSION = 5.0;
				TARGETED_DEVICE_FAMILY = "1,2";
			};
			name = Debug;
		};
		82077C5027A44B2A00DBA57F /* Release */ = {
			isa = XCBuildConfiguration;
			buildSettings = {
				ASSETCATALOG_COMPILER_APPICON_NAME = AppIcon;
				ASSETCATALOG_COMPILER_GLOBAL_ACCENT_COLOR_NAME = AccentColor;
				CODE_SIGN_STYLE = Automatic;
				CURRENT_PROJECT_VERSION = 1;
				GENERATE_INFOPLIST_FILE = YES;
				INFOPLIST_FILE = LunchAndLearn/Info.plist;
				INFOPLIST_KEY_UIApplicationSupportsIndirectInputEvents = YES;
				INFOPLIST_KEY_UILaunchStoryboardName = LaunchScreen;
				INFOPLIST_KEY_UIMainStoryboardFile = Main;
				INFOPLIST_KEY_UISupportedInterfaceOrientations_iPad = "UIInterfaceOrientationPortrait UIInterfaceOrientationPortraitUpsideDown UIInterfaceOrientationLandscapeLeft UIInterfaceOrientationLandscapeRight";
				INFOPLIST_KEY_UISupportedInterfaceOrientations_iPhone = "UIInterfaceOrientationPortrait UIInterfaceOrientationLandscapeLeft UIInterfaceOrientationLandscapeRight";
				LD_RUNPATH_SEARCH_PATHS = (
					"$(inherited)",
					"@executable_path/Frameworks",
				);
				MARKETING_VERSION = 1.0;
				PRODUCT_BUNDLE_IDENTIFIER = com.underdogsports.xpoint.LunchAndLearn;
				PRODUCT_NAME = "$(TARGET_NAME)";
				SWIFT_EMIT_LOC_STRINGS = YES;
				SWIFT_VERSION = 5.0;
				TARGETED_DEVICE_FAMILY = "1,2";
			};
			name = Release;
		};
		82077C5227A44B2A00DBA57F /* Debug */ = {
			isa = XCBuildConfiguration;
			buildSettings = {
				ALWAYS_EMBED_SWIFT_STANDARD_LIBRARIES = YES;
				BUNDLE_LOADER = "$(TEST_HOST)";
				CODE_SIGN_STYLE = Automatic;
				CURRENT_PROJECT_VERSION = 1;
				GENERATE_INFOPLIST_FILE = YES;
				IPHONEOS_DEPLOYMENT_TARGET = 15.0;
				LD_RUNPATH_SEARCH_PATHS = (
					"$(inherited)",
					"@executable_path/Frameworks",
					"@loader_path/Frameworks",
				);
				MARKETING_VERSION = 1.0;
				PRODUCT_BUNDLE_IDENTIFIER = com.underdogsports.xpoint.LunchAndLearnTests;
				PRODUCT_NAME = "$(TARGET_NAME)";
				SWIFT_EMIT_LOC_STRINGS = NO;
				SWIFT_VERSION = 5.0;
				TARGETED_DEVICE_FAMILY = "1,2";
				TEST_HOST = "$(BUILT_PRODUCTS_DIR)/LunchAndLearn.app/LunchAndLearn";
			};
			name = Debug;
		};
		82077C5327A44B2A00DBA57F /* Release */ = {
			isa = XCBuildConfiguration;
			buildSettings = {
				ALWAYS_EMBED_SWIFT_STANDARD_LIBRARIES = YES;
				BUNDLE_LOADER = "$(TEST_HOST)";
				CODE_SIGN_STYLE = Automatic;
				CURRENT_PROJECT_VERSION = 1;
				GENERATE_INFOPLIST_FILE = YES;
				IPHONEOS_DEPLOYMENT_TARGET = 15.0;
				LD_RUNPATH_SEARCH_PATHS = (
					"$(inherited)",
					"@executable_path/Frameworks",
					"@loader_path/Frameworks",
				);
				MARKETING_VERSION = 1.0;
				PRODUCT_BUNDLE_IDENTIFIER = com.underdogsports.xpoint.LunchAndLearnTests;
				PRODUCT_NAME = "$(TARGET_NAME)";
				SWIFT_EMIT_LOC_STRINGS = NO;
				SWIFT_VERSION = 5.0;
				TARGETED_DEVICE_FAMILY = "1,2";
				TEST_HOST = "$(BUILT_PRODUCTS_DIR)/LunchAndLearn.app/LunchAndLearn";
			};
			name = Release;
		};
		82077C5527A44B2A00DBA57F /* Debug */ = {
			isa = XCBuildConfiguration;
			buildSettings = {
				ALWAYS_EMBED_SWIFT_STANDARD_LIBRARIES = YES;
				CODE_SIGN_STYLE = Automatic;
				CURRENT_PROJECT_VERSION = 1;
				GENERATE_INFOPLIST_FILE = YES;
				LD_RUNPATH_SEARCH_PATHS = (
					"$(inherited)",
					"@executable_path/Frameworks",
					"@loader_path/Frameworks",
				);
				MARKETING_VERSION = 1.0;
				PRODUCT_BUNDLE_IDENTIFIER = com.underdogsports.xpoint.LunchAndLearnUITests;
				PRODUCT_NAME = "$(TARGET_NAME)";
				SWIFT_EMIT_LOC_STRINGS = NO;
				SWIFT_VERSION = 5.0;
				TARGETED_DEVICE_FAMILY = "1,2";
				TEST_TARGET_NAME = LunchAndLearn;
			};
			name = Debug;
		};
		82077C5627A44B2A00DBA57F /* Release */ = {
			isa = XCBuildConfiguration;
			buildSettings = {
				ALWAYS_EMBED_SWIFT_STANDARD_LIBRARIES = YES;
				CODE_SIGN_STYLE = Automatic;
				CURRENT_PROJECT_VERSION = 1;
				GENERATE_INFOPLIST_FILE = YES;
				LD_RUNPATH_SEARCH_PATHS = (
					"$(inherited)",
					"@executable_path/Frameworks",
					"@loader_path/Frameworks",
				);
				MARKETING_VERSION = 1.0;
				PRODUCT_BUNDLE_IDENTIFIER = com.underdogsports.xpoint.LunchAndLearnUITests;
				PRODUCT_NAME = "$(TARGET_NAME)";
				SWIFT_EMIT_LOC_STRINGS = NO;
				SWIFT_VERSION = 5.0;
				TARGETED_DEVICE_FAMILY = "1,2";
				TEST_TARGET_NAME = LunchAndLearn;
			};
			name = Release;
		};
/* End XCBuildConfiguration section */

/* Begin XCConfigurationList section */
		82077C1F27A44B2800DBA57F /* Build configuration list for PBXProject "LunchAndLearn" */ = {
			isa = XCConfigurationList;
			buildConfigurations = (
				82077C4C27A44B2A00DBA57F /* Debug */,
				82077C4D27A44B2A00DBA57F /* Release */,
			);
			defaultConfigurationIsVisible = 0;
			defaultConfigurationName = Release;
		};
		82077C4E27A44B2A00DBA57F /* Build configuration list for PBXNativeTarget "LunchAndLearn" */ = {
			isa = XCConfigurationList;
			buildConfigurations = (
				82077C4F27A44B2A00DBA57F /* Debug */,
				82077C5027A44B2A00DBA57F /* Release */,
			);
			defaultConfigurationIsVisible = 0;
			defaultConfigurationName = Release;
		};
		82077C5127A44B2A00DBA57F /* Build configuration list for PBXNativeTarget "LunchAndLearnTests" */ = {
			isa = XCConfigurationList;
			buildConfigurations = (
				82077C5227A44B2A00DBA57F /* Debug */,
				82077C5327A44B2A00DBA57F /* Release */,
			);
			defaultConfigurationIsVisible = 0;
			defaultConfigurationName = Release;
		};
		82077C5427A44B2A00DBA57F /* Build configuration list for PBXNativeTarget "LunchAndLearnUITests" */ = {
			isa = XCConfigurationList;
			buildConfigurations = (
				82077C5527A44B2A00DBA57F /* Debug */,
				82077C5627A44B2A00DBA57F /* Release */,
			);
			defaultConfigurationIsVisible = 0;
			defaultConfigurationName = Release;
		};
/* End XCConfigurationList section */

/* Begin XCRemoteSwiftPackageReference section */
		82077C5C27A44D3000DBA57F /* XCRemoteSwiftPackageReference "SwiftUIPreviewHelpers" */ = {
			isa = XCRemoteSwiftPackageReference;
			repositoryURL = "https://github.com/aj-bartocci/SwiftUIPreviewHelpers";
			requirement = {
				branch = main;
				kind = branch;
			};
		};
/* End XCRemoteSwiftPackageReference section */

/* Begin XCSwiftPackageProductDependency section */
		82077C5D27A44D3000DBA57F /* SwiftUIPreviewHelpers */ = {
			isa = XCSwiftPackageProductDependency;
			package = 82077C5C27A44D3000DBA57F /* XCRemoteSwiftPackageReference "SwiftUIPreviewHelpers" */;
			productName = SwiftUIPreviewHelpers;
		};
/* End XCSwiftPackageProductDependency section */
	};
	rootObject = 82077C1C27A44B2800DBA57F /* Project object */;
}
